
Microsoft Visual Studio Solution File, Format Version 10.00
# Visual Studio 2008
Project("{FAE04EC0-301F-11D3-BF4B-00C04F79EFBC}") = "Qi", "Qi\Qi.csproj", "{109EBD31-85C7-45C9-A850-EF3457055670}"
EndProject
Project("{2150E333-8FDC-42A3-9474-1A3956D46DE8}") = "Solution Items", "Solution Items", "{38F7EB93-89A2-4D46-BCAE-BA825CE929BF}"
	ProjectSection(SolutionItems) = preProject
		LocalTestRun.testrunconfig = LocalTestRun.testrunconfig
		Qi.vsmdi = Qi.vsmdi
	EndProjectSection
EndProject
Project("{FAE04EC0-301F-11D3-BF4B-00C04F79EFBC}") = "Qi.Test", "Qi.Test\Qi.Test.csproj", "{4C992364-F6E5-4D4D-8246-9FA07DB2A48F}"
EndProject
Project("{FAE04EC0-301F-11D3-BF4B-00C04F79EFBC}") = "Qi.Web", "Qi.Web\Qi.Web.csproj", "{D977A1FD-CA69-4A1F-9157-A8D47AF94831}"
EndProject
Global
	GlobalSection(TestCaseManagementSettings) = postSolution
		CategoryFile = Qi.vsmdi
	EndGlobalSection
	GlobalSection(SolutionConfigurationPlatforms) = preSolution
		Debug|Any CPU = Debug|Any CPU
		Debug|Mixed Platforms = Debug|Mixed Platforms
		Debug|Win32 = Debug|Win32
		Release|Any CPU = Release|Any CPU
		Release|Mixed Platforms = Release|Mixed Platforms
		Release|Win32 = Release|Win32
	EndGlobalSection
	GlobalSection(ProjectConfigurationPlatforms) = postSolution
		{109EBD31-85C7-45C9-A850-EF3457055670}.Debug|Any CPU.ActiveCfg = Debug|Any CPU
		{109EBD31-85C7-45C9-A850-EF3457055670}.Debug|Any CPU.Build.0 = Debug|Any CPU
		{109EBD31-85C7-45C9-A850-EF3457055670}.Debug|Mixed Platforms.ActiveCfg = Debug|Any CPU
		{109EBD31-85C7-45C9-A850-EF3457055670}.Debug|Mixed Platforms.Build.0 = Debug|Any CPU
		{109EBD31-85C7-45C9-A850-EF3457055670}.Debug|Win32.ActiveCfg = Debug|Any CPU
		{109EBD31-85C7-45C9-A850-EF3457055670}.Release|Any CPU.ActiveCfg = Release|Any CPU
		{109EBD31-85C7-45C9-A850-EF3457055670}.Release|Any CPU.Build.0 = Release|Any CPU
		{109EBD31-85C7-45C9-A850-EF3457055670}.Release|Mixed Platforms.ActiveCfg = Release|Any CPU
		{109EBD31-85C7-45C9-A850-EF3457055670}.Release|Mixed Platforms.Build.0 = Release|Any CPU
		{109EBD31-85C7-45C9-A850-EF3457055670}.Release|Win32.ActiveCfg = Release|Any CPU
		{4C992364-F6E5-4D4D-8246-9FA07DB2A48F}.Debug|Any CPU.ActiveCfg = Debug|Any CPU
		{4C992364-F6E5-4D4D-8246-9FA07DB2A48F}.Debug|Any CPU.Build.0 = Debug|Any CPU
		{4C992364-F6E5-4D4D-8246-9FA07DB2A48F}.Debug|Mixed Platforms.ActiveCfg = Debug|Any CPU
		{4C992364-F6E5-4D4D-8246-9FA07DB2A48F}.Debug|Mixed Platforms.Build.0 = Debug|Any CPU
		{4C992364-F6E5-4D4D-8246-9FA07DB2A48F}.Debug|Win32.ActiveCfg = Debug|Any CPU
		{4C992364-F6E5-4D4D-8246-9FA07DB2A48F}.Release|Any CPU.ActiveCfg = Release|Any CPU
		{4C992364-F6E5-4D4D-8246-9FA07DB2A48F}.Release|Any CPU.Build.0 = Release|Any CPU
		{4C992364-F6E5-4D4D-8246-9FA07DB2A48F}.Release|Mixed Platforms.ActiveCfg = Release|Any CPU
		{4C992364-F6E5-4D4D-8246-9FA07DB2A48F}.Release|Mixed Platforms.Build.0 = Release|Any CPU
		{4C992364-F6E5-4D4D-8246-9FA07DB2A48F}.Release|Win32.ActiveCfg = Release|Any CPU
		{D977A1FD-CA69-4A1F-9157-A8D47AF94831}.Debug|Any CPU.ActiveCfg = Debug|Any CPU
		{D977A1FD-CA69-4A1F-9157-A8D47AF94831}.Debug|Any CPU.Build.0 = Debug|Any CPU
		{D977A1FD-CA69-4A1F-9157-A8D47AF94831}.Debug|Mixed Platforms.ActiveCfg = Debug|Any CPU
		{D977A1FD-CA69-4A1F-9157-A8D47AF94831}.Debug|Mixed Platforms.Build.0 = Debug|Any CPU
		{D977A1FD-CA69-4A1F-9157-A8D47AF94831}.Debug|Win32.ActiveCfg = Debug|Any CPU
		{D977A1FD-CA69-4A1F-9157-A8D47AF94831}.Release|Any CPU.ActiveCfg = Release|Any CPU
		{D977A1FD-CA69-4A1F-9157-A8D47AF94831}.Release|Any CPU.Build.0 = Release|Any CPU
		{D977A1FD-CA69-4A1F-9157-A8D47AF94831}.Release|Mixed Platforms.ActiveCfg = Release|Any CPU
		{D977A1FD-CA69-4A1F-9157-A8D47AF94831}.Release|Mixed Platforms.Build.0 = Release|Any CPU
		{D977A1FD-CA69-4A1F-9157-A8D47AF94831}.Release|Win32.ActiveCfg = Release|Any CPU
	EndGlobalSection
	GlobalSection(SolutionProperties) = preSolution
		HideSolutionNode = FALSE
	EndGlobalSection
EndGlobal
